// !$*UTF8*$!
{
	archiveVersion = 1;
	classes = {
	};
	objectVersion = 55;
	objects = {

/* Begin PBXBuildFile section */
		9984790B27C3E3F100A1A624 /* AppDelegate.swift in Sources */ = {isa = PBXBuildFile; fileRef = 9984790A27C3E3F100A1A624 /* AppDelegate.swift */; };
		9984790D27C3E3F100A1A624 /* SceneDelegate.swift in Sources */ = {isa = PBXBuildFile; fileRef = 9984790C27C3E3F100A1A624 /* SceneDelegate.swift */; };
		9984790F27C3E3F100A1A624 /* ViewController.swift in Sources */ = {isa = PBXBuildFile; fileRef = 9984790E27C3E3F100A1A624 /* ViewController.swift */; };
		9984791227C3E3F100A1A624 /* Main.storyboard in Resources */ = {isa = PBXBuildFile; fileRef = 9984791027C3E3F100A1A624 /* Main.storyboard */; };
		9984791427C3E3F300A1A624 /* Assets.xcassets in Resources */ = {isa = PBXBuildFile; fileRef = 9984791327C3E3F300A1A624 /* Assets.xcassets */; };
		9984791727C3E3F300A1A624 /* LaunchScreen.storyboard in Resources */ = {isa = PBXBuildFile; fileRef = 9984791527C3E3F300A1A624 /* LaunchScreen.storyboard */; };
		9984792227C3E3F300A1A624 /* AniimationsUnit4Tests.swift in Sources */ = {isa = PBXBuildFile; fileRef = 9984792127C3E3F300A1A624 /* AniimationsUnit4Tests.swift */; };
		9984792C27C3E3F300A1A624 /* AniimationsUnit4UITests.swift in Sources */ = {isa = PBXBuildFile; fileRef = 9984792B27C3E3F300A1A624 /* AniimationsUnit4UITests.swift */; };
		9984792E27C3E3F300A1A624 /* AniimationsUnit4UITestsLaunchTests.swift in Sources */ = {isa = PBXBuildFile; fileRef = 9984792D27C3E3F300A1A624 /* AniimationsUnit4UITestsLaunchTests.swift */; };
/* End PBXBuildFile section */

/* Begin PBXContainerItemProxy section */
		9984791E27C3E3F300A1A624 /* PBXContainerItemProxy */ = {
			isa = PBXContainerItemProxy;
			containerPortal = 998478FF27C3E3F100A1A624 /* Project object */;
			proxyType = 1;
			remoteGlobalIDString = 9984790627C3E3F100A1A624;
			remoteInfo = AniimationsUnit4;
		};
		9984792827C3E3F300A1A624 /* PBXContainerItemProxy */ = {
			isa = PBXContainerItemProxy;
			containerPortal = 998478FF27C3E3F100A1A624 /* Project object */;
			proxyType = 1;
			remoteGlobalIDString = 9984790627C3E3F100A1A624;
			remoteInfo = AniimationsUnit4;
		};
/* End PBXContainerItemProxy section */

/* Begin PBXFileReference section */
		9984790727C3E3F100A1A624 /* AniimationsUnit4.app */ = {isa = PBXFileReference; explicitFileType = wrapper.application; includeInIndex = 0; path = AniimationsUnit4.app; sourceTree = BUILT_PRODUCTS_DIR; };
		9984790A27C3E3F100A1A624 /* AppDelegate.swift */ = {isa = PBXFileReference; lastKnownFileType = sourcecode.swift; path = AppDelegate.swift; sourceTree = "<group>"; };
		9984790C27C3E3F100A1A624 /* SceneDelegate.swift */ = {isa = PBXFileReference; lastKnownFileType = sourcecode.swift; path = SceneDelegate.swift; sourceTree = "<group>"; };
		9984790E27C3E3F100A1A624 /* ViewController.swift */ = {isa = PBXFileReference; lastKnownFileType = sourcecode.swift; path = ViewController.swift; sourceTree = "<group>"; };
		9984791127C3E3F100A1A624 /* Base */ = {isa = PBXFileReference; lastKnownFileType = file.storyboard; name = Base; path = Base.lproj/Main.storyboard; sourceTree = "<group>"; };
		9984791327C3E3F300A1A624 /* Assets.xcassets */ = {isa = PBXFileReference; lastKnownFileType = folder.assetcatalog; path = Assets.xcassets; sourceTree = "<group>"; };
		9984791627C3E3F300A1A624 /* Base */ = {isa = PBXFileReference; lastKnownFileType = file.storyboard; name = Base; path = Base.lproj/LaunchScreen.storyboard; sourceTree = "<group>"; };
		9984791827C3E3F300A1A624 /* Info.plist */ = {isa = PBXFileReference; lastKnownFileType = text.plist.xml; path = Info.plist; sourceTree = "<group>"; };
		9984791D27C3E3F300A1A624 /* AniimationsUnit4Tests.xctest */ = {isa = PBXFileReference; explicitFileType = wrapper.cfbundle; includeInIndex = 0; path = AniimationsUnit4Tests.xctest; sourceTree = BUILT_PRODUCTS_DIR; };
		9984792127C3E3F300A1A624 /* AniimationsUnit4Tests.swift */ = {isa = PBXFileReference; lastKnownFileType = sourcecode.swift; path = AniimationsUnit4Tests.swift; sourceTree = "<group>"; };
		9984792727C3E3F300A1A624 /* AniimationsUnit4UITests.xctest */ = {isa = PBXFileReference; explicitFileType = wrapper.cfbundle; includeInIndex = 0; path = AniimationsUnit4UITests.xctest; sourceTree = BUILT_PRODUCTS_DIR; };
		9984792B27C3E3F300A1A624 /* AniimationsUnit4UITests.swift */ = {isa = PBXFileReference; lastKnownFileType = sourcecode.swift; path = AniimationsUnit4UITests.swift; sourceTree = "<group>"; };
		9984792D27C3E3F300A1A624 /* AniimationsUnit4UITestsLaunchTests.swift */ = {isa = PBXFileReference; lastKnownFileType = sourcecode.swift; path = AniimationsUnit4UITestsLaunchTests.swift; sourceTree = "<group>"; };
/* End PBXFileReference section */

/* Begin PBXFrameworksBuildPhase section */
		9984790427C3E3F100A1A624 /* Frameworks */ = {
			isa = PBXFrameworksBuildPhase;
			buildActionMask = 2147483647;
			files = (
			);
			runOnlyForDeploymentPostprocessing = 0;
		};
		9984791A27C3E3F300A1A624 /* Frameworks */ = {
			isa = PBXFrameworksBuildPhase;
			buildActionMask = 2147483647;
			files = (
			);
			runOnlyForDeploymentPostprocessing = 0;
		};
		9984792427C3E3F300A1A624 /* Frameworks */ = {
			isa = PBXFrameworksBuildPhase;
			buildActionMask = 2147483647;
			files = (
			);
			runOnlyForDeploymentPostprocessing = 0;
		};
/* End PBXFrameworksBuildPhase section */

/* Begin PBXGroup section */
		998478FE27C3E3F100A1A624 = {
			isa = PBXGroup;
			children = (
				9984790927C3E3F100A1A624 /* AniimationsUnit4 */,
				9984792027C3E3F300A1A624 /* AniimationsUnit4Tests */,
				9984792A27C3E3F300A1A624 /* AniimationsUnit4UITests */,
				9984790827C3E3F100A1A624 /* Products */,
			);
			sourceTree = "<group>";
		};
		9984790827C3E3F100A1A624 /* Products */ = {
			isa = PBXGroup;
			children = (
				9984790727C3E3F100A1A624 /* AniimationsUnit4.app */,
				9984791D27C3E3F300A1A624 /* AniimationsUnit4Tests.xctest */,
				9984792727C3E3F300A1A624 /* AniimationsUnit4UITests.xctest */,
			);
			name = Products;
			sourceTree = "<group>";
		};
		9984790927C3E3F100A1A624 /* AniimationsUnit4 */ = {
			isa = PBXGroup;
			children = (
				9984790A27C3E3F100A1A624 /* AppDelegate.swift */,
				9984790C27C3E3F100A1A624 /* SceneDelegate.swift */,
				9984790E27C3E3F100A1A624 /* ViewController.swift */,
				9984791027C3E3F100A1A624 /* Main.storyboard */,
				9984791327C3E3F300A1A624 /* Assets.xcassets */,
				9984791527C3E3F300A1A624 /* LaunchScreen.storyboard */,
				9984791827C3E3F300A1A624 /* Info.plist */,
			);
			path = AniimationsUnit4;
			sourceTree = "<group>";
		};
		9984792027C3E3F300A1A624 /* AniimationsUnit4Tests */ = {
			isa = PBXGroup;
			children = (
				9984792127C3E3F300A1A624 /* AniimationsUnit4Tests.swift */,
			);
			path = AniimationsUnit4Tests;
			sourceTree = "<group>";
		};
		9984792A27C3E3F300A1A624 /* AniimationsUnit4UITests */ = {
			isa = PBXGroup;
			children = (
				9984792B27C3E3F300A1A624 /* AniimationsUnit4UITests.swift */,
				9984792D27C3E3F300A1A624 /* AniimationsUnit4UITestsLaunchTests.swift */,
			);
			path = AniimationsUnit4UITests;
			sourceTree = "<group>";
		};
/* End PBXGroup section */

/* Begin PBXNativeTarget section */
		9984790627C3E3F100A1A624 /* AniimationsUnit4 */ = {
			isa = PBXNativeTarget;
			buildConfigurationList = 9984793127C3E3F300A1A624 /* Build configuration list for PBXNativeTarget "AniimationsUnit4" */;
			buildPhases = (
				9984790327C3E3F100A1A624 /* Sources */,
				9984790427C3E3F100A1A624 /* Frameworks */,
				9984790527C3E3F100A1A624 /* Resources */,
			);
			buildRules = (
			);
			dependencies = (
			);
			name = AniimationsUnit4;
			productName = AniimationsUnit4;
			productReference = 9984790727C3E3F100A1A624 /* AniimationsUnit4.app */;
			productType = "com.apple.product-type.application";
		};
		9984791C27C3E3F300A1A624 /* AniimationsUnit4Tests */ = {
			isa = PBXNativeTarget;
			buildConfigurationList = 9984793427C3E3F300A1A624 /* Build configuration list for PBXNativeTarget "AniimationsUnit4Tests" */;
			buildPhases = (
				9984791927C3E3F300A1A624 /* Sources */,
				9984791A27C3E3F300A1A624 /* Frameworks */,
				9984791B27C3E3F300A1A624 /* Resources */,
			);
			buildRules = (
			);
			dependencies = (
				9984791F27C3E3F300A1A624 /* PBXTargetDependency */,
			);
			name = AniimationsUnit4Tests;
			productName = AniimationsUnit4Tests;
			productReference = 9984791D27C3E3F300A1A624 /* AniimationsUnit4Tests.xctest */;
			productType = "com.apple.product-type.bundle.unit-test";
		};
		9984792627C3E3F300A1A624 /* AniimationsUnit4UITests */ = {
			isa = PBXNativeTarget;
			buildConfigurationList = 9984793727C3E3F300A1A624 /* Build configuration list for PBXNativeTarget "AniimationsUnit4UITests" */;
			buildPhases = (
				9984792327C3E3F300A1A624 /* Sources */,
				9984792427C3E3F300A1A624 /* Frameworks */,
				9984792527C3E3F300A1A624 /* Resources */,
			);
			buildRules = (
			);
			dependencies = (
				9984792927C3E3F300A1A624 /* PBXTargetDependency */,
			);
			name = AniimationsUnit4UITests;
			productName = AniimationsUnit4UITests;
			productReference = 9984792727C3E3F300A1A624 /* AniimationsUnit4UITests.xctest */;
			productType = "com.apple.product-type.bundle.ui-testing";
		};
/* End PBXNativeTarget section */

/* Begin PBXProject section */
		998478FF27C3E3F100A1A624 /* Project object */ = {
			isa = PBXProject;
			attributes = {
				BuildIndependentTargetsInParallel = 1;
				LastSwiftUpdateCheck = 1320;
				LastUpgradeCheck = 1320;
				TargetAttributes = {
					9984790627C3E3F100A1A624 = {
						CreatedOnToolsVersion = 13.2.1;
					};
					9984791C27C3E3F300A1A624 = {
						CreatedOnToolsVersion = 13.2.1;
						TestTargetID = 9984790627C3E3F100A1A624;
					};
					9984792627C3E3F300A1A624 = {
						CreatedOnToolsVersion = 13.2.1;
						TestTargetID = 9984790627C3E3F100A1A624;
					};
				};
			};
			buildConfigurationList = 9984790227C3E3F100A1A624 /* Build configuration list for PBXProject "AniimationsUnit4" */;
			compatibilityVersion = "Xcode 13.0";
			developmentRegion = en;
			hasScannedForEncodings = 0;
			knownRegions = (
				en,
				Base,
			);
			mainGroup = 998478FE27C3E3F100A1A624;
			productRefGroup = 9984790827C3E3F100A1A624 /* Products */;
			projectDirPath = "";
			projectRoot = "";
			targets = (
				9984790627C3E3F100A1A624 /* AniimationsUnit4 */,
				9984791C27C3E3F300A1A624 /* AniimationsUnit4Tests */,
				9984792627C3E3F300A1A624 /* AniimationsUnit4UITests */,
			);
		};
/* End PBXProject section */

/* Begin PBXResourcesBuildPhase section */
		9984790527C3E3F100A1A624 /* Resources */ = {
			isa = PBXResourcesBuildPhase;
			buildActionMask = 2147483647;
			files = (
				9984791727C3E3F300A1A624 /* LaunchScreen.storyboard in Resources */,
				9984791427C3E3F300A1A624 /* Assets.xcassets in Resources */,
				9984791227C3E3F100A1A624 /* Main.storyboard in Resources */,
			);
			runOnlyForDeploymentPostprocessing = 0;
		};
		9984791B27C3E3F300A1A624 /* Resources */ = {
			isa = PBXResourcesBuildPhase;
			buildActionMask = 2147483647;
			files = (
			);
			runOnlyForDeploymentPostprocessing = 0;
		};
		9984792527C3E3F300A1A624 /* Resources */ = {
			isa = PBXResourcesBuildPhase;
			buildActionMask = 2147483647;
			files = (
			);
			runOnlyForDeploymentPostprocessing = 0;
		};
/* End PBXResourcesBuildPhase section */

/* Begin PBXSourcesBuildPhase section */
		9984790327C3E3F100A1A624 /* Sources */ = {
			isa = PBXSourcesBuildPhase;
			buildActionMask = 2147483647;
			files = (
				9984790F27C3E3F100A1A624 /* ViewController.swift in Sources */,
				9984790B27C3E3F100A1A624 /* AppDelegate.swift in Sources */,
				9984790D27C3E3F100A1A624 /* SceneDelegate.swift in Sources */,
			);
			runOnlyForDeploymentPostprocessing = 0;
		};
		9984791927C3E3F300A1A624 /* Sources */ = {
			isa = PBXSourcesBuildPhase;
			buildActionMask = 2147483647;
			files = (
				9984792227C3E3F300A1A624 /* AniimationsUnit4Tests.swift in Sources */,
			);
			runOnlyForDeploymentPostprocessing = 0;
		};
		9984792327C3E3F300A1A624 /* Sources */ = {
			isa = PBXSourcesBuildPhase;
			buildActionMask = 2147483647;
			files = (
				9984792E27C3E3F300A1A624 /* AniimationsUnit4UITestsLaunchTests.swift in Sources */,
				9984792C27C3E3F300A1A624 /* AniimationsUnit4UITests.swift in Sources */,
			);
			runOnlyForDeploymentPostprocessing = 0;
		};
/* End PBXSourcesBuildPhase section */

/* Begin PBXTargetDependency section */
		9984791F27C3E3F300A1A624 /* PBXTargetDependency */ = {
			isa = PBXTargetDependency;
			target = 9984790627C3E3F100A1A624 /* AniimationsUnit4 */;
			targetProxy = 9984791E27C3E3F300A1A624 /* PBXContainerItemProxy */;
		};
		9984792927C3E3F300A1A624 /* PBXTargetDependency */ = {
			isa = PBXTargetDependency;
			target = 9984790627C3E3F100A1A624 /* AniimationsUnit4 */;
			targetProxy = 9984792827C3E3F300A1A624 /* PBXContainerItemProxy */;
		};
/* End PBXTargetDependency section */

/* Begin PBXVariantGroup section */
		9984791027C3E3F100A1A624 /* Main.storyboard */ = {
			isa = PBXVariantGroup;
			children = (
				9984791127C3E3F100A1A624 /* Base */,
			);
			name = Main.storyboard;
			sourceTree = "<group>";
		};
		9984791527C3E3F300A1A624 /* LaunchScreen.storyboard */ = {
			isa = PBXVariantGroup;
			children = (
				9984791627C3E3F300A1A624 /* Base */,
			);
			name = LaunchScreen.storyboard;
			sourceTree = "<group>";
		};
/* End PBXVariantGroup section */

/* Begin XCBuildConfiguration section */
		9984792F27C3E3F300A1A624 /* Debug */ = {
			isa = XCBuildConfiguration;
			buildSettings = {
				ALWAYS_SEARCH_USER_PATHS = NO;
				CLANG_ANALYZER_NONNULL = YES;
				CLANG_ANALYZER_NUMBER_OBJECT_CONVERSION = YES_AGGRESSIVE;
				CLANG_CXX_LANGUAGE_STANDARD = "gnu++17";
				CLANG_CXX_LIBRARY = "libc++";
				CLANG_ENABLE_MODULES = YES;
				CLANG_ENABLE_OBJC_ARC = YES;
				CLANG_ENABLE_OBJC_WEAK = YES;
				CLANG_WARN_BLOCK_CAPTURE_AUTORELEASING = YES;
				CLANG_WARN_BOOL_CONVERSION = YES;
				CLANG_WARN_COMMA = YES;
				CLANG_WARN_CONSTANT_CONVERSION = YES;
				CLANG_WARN_DEPRECATED_OBJC_IMPLEMENTATIONS = YES;
				CLANG_WARN_DIRECT_OBJC_ISA_USAGE = YES_ERROR;
				CLANG_WARN_DOCUMENTATION_COMMENTS = YES;
				CLANG_WARN_EMPTY_BODY = YES;
				CLANG_WARN_ENUM_CONVERSION = YES;
				CLANG_WARN_INFINITE_RECURSION = YES;
				CLANG_WARN_INT_CONVERSION = YES;
				CLANG_WARN_NON_LITERAL_NULL_CONVERSION = YES;
				CLANG_WARN_OBJC_IMPLICIT_RETAIN_SELF = YES;
				CLANG_WARN_OBJC_LITERAL_CONVERSION = YES;
				CLANG_WARN_OBJC_ROOT_CLASS = YES_ERROR;
				CLANG_WARN_QUOTED_INCLUDE_IN_FRAMEWORK_HEADER = YES;
				CLANG_WARN_RANGE_LOOP_ANALYSIS = YES;
				CLANG_WARN_STRICT_PROTOTYPES = YES;
				CLANG_WARN_SUSPICIOUS_MOVE = YES;
				CLANG_WARN_UNGUARDED_AVAILABILITY = YES_AGGRESSIVE;
				CLANG_WARN_UNREACHABLE_CODE = YES;
				CLANG_WARN__DUPLICATE_METHOD_MATCH = YES;
				COPY_PHASE_STRIP = NO;
				DEBUG_INFORMATION_FORMAT = dwarf;
				ENABLE_STRICT_OBJC_MSGSEND = YES;
				ENABLE_TESTABILITY = YES;
				GCC_C_LANGUAGE_STANDARD = gnu11;
				GCC_DYNAMIC_NO_PIC = NO;
				GCC_NO_COMMON_BLOCKS = YES;
				GCC_OPTIMIZATION_LEVEL = 0;
				GCC_PREPROCESSOR_DEFINITIONS = (
					"DEBUG=1",
					"$(inherited)",
				);
				GCC_WARN_64_TO_32_BIT_CONVERSION = YES;
				GCC_WARN_ABOUT_RETURN_TYPE = YES_ERROR;
				GCC_WARN_UNDECLARED_SELECTOR = YES;
				GCC_WARN_UNINITIALIZED_AUTOS = YES_AGGRESSIVE;
				GCC_WARN_UNUSED_FUNCTION = YES;
				GCC_WARN_UNUSED_VARIABLE = YES;
				IPHONEOS_DEPLOYMENT_TARGET = 15.2;
				MTL_ENABLE_DEBUG_INFO = INCLUDE_SOURCE;
				MTL_FAST_MATH = YES;
				ONLY_ACTIVE_ARCH = YES;
				SDKROOT = iphoneos;
				SWIFT_ACTIVE_COMPILATION_CONDITIONS = DEBUG;
				SWIFT_OPTIMIZATION_LEVEL = "-Onone";
			};
			name = Debug;
		};
		9984793027C3E3F300A1A624 /* Release */ = {
			isa = XCBuildConfiguration;
			buildSettings = {
				ALWAYS_SEARCH_USER_PATHS = NO;
				CLANG_ANALYZER_NONNULL = YES;
				CLANG_ANALYZER_NUMBER_OBJECT_CONVERSION = YES_AGGRESSIVE;
				CLANG_CXX_LANGUAGE_STANDARD = "gnu++17";
				CLANG_CXX_LIBRARY = "libc++";
				CLANG_ENABLE_MODULES = YES;
				CLANG_ENABLE_OBJC_ARC = YES;
				CLANG_ENABLE_OBJC_WEAK = YES;
				CLANG_WARN_BLOCK_CAPTURE_AUTORELEASING = YES;
				CLANG_WARN_BOOL_CONVERSION = YES;
				CLANG_WARN_COMMA = YES;
				CLANG_WARN_CONSTANT_CONVERSION = YES;
				CLANG_WARN_DEPRECATED_OBJC_IMPLEMENTATIONS = YES;
				CLANG_WARN_DIRECT_OBJC_ISA_USAGE = YES_ERROR;
				CLANG_WARN_DOCUMENTATION_COMMENTS = YES;
				CLANG_WARN_EMPTY_BODY = YES;
				CLANG_WARN_ENUM_CONVERSION = YES;
				CLANG_WARN_INFINITE_RECURSION = YES;
				CLANG_WARN_INT_CONVERSION = YES;
				CLANG_WARN_NON_LITERAL_NULL_CONVERSION = YES;
				CLANG_WARN_OBJC_IMPLICIT_RETAIN_SELF = YES;
				CLANG_WARN_OBJC_LITERAL_CONVERSION = YES;
				CLANG_WARN_OBJC_ROOT_CLASS = YES_ERROR;
				CLANG_WARN_QUOTED_INCLUDE_IN_FRAMEWORK_HEADER = YES;
				CLANG_WARN_RANGE_LOOP_ANALYSIS = YES;
				CLANG_WARN_STRICT_PROTOTYPES = YES;
				CLANG_WARN_SUSPICIOUS_MOVE = YES;
				CLANG_WARN_UNGUARDED_AVAILABILITY = YES_AGGRESSIVE;
				CLANG_WARN_UNREACHABLE_CODE = YES;
				CLANG_WARN__DUPLICATE_METHOD_MATCH = YES;
				COPY_PHASE_STRIP = NO;
				DEBUG_INFORMATION_FORMAT = "dwarf-with-dsym";
				ENABLE_NS_ASSERTIONS = NO;
				ENABLE_STRICT_OBJC_MSGSEND = YES;
				GCC_C_LANGUAGE_STANDARD = gnu11;
				GCC_NO_COMMON_BLOCKS = YES;
				GCC_WARN_64_TO_32_BIT_CONVERSION = YES;
				GCC_WARN_ABOUT_RETURN_TYPE = YES_ERROR;
				GCC_WARN_UNDECLARED_SELECTOR = YES;
				GCC_WARN_UNINITIALIZED_AUTOS = YES_AGGRESSIVE;
				GCC_WARN_UNUSED_FUNCTION = YES;
				GCC_WARN_UNUSED_VARIABLE = YES;
				IPHONEOS_DEPLOYMENT_TARGET = 15.2;
				MTL_ENABLE_DEBUG_INFO = NO;
				MTL_FAST_MATH = YES;
				SDKROOT = iphoneos;
				SWIFT_COMPILATION_MODE = wholemodule;
				SWIFT_OPTIMIZATION_LEVEL = "-O";
				VALIDATE_PRODUCT = YES;
			};
			name = Release;
		};
		9984793227C3E3F300A1A624 /* Debug */ = {
			isa = XCBuildConfiguration;
			buildSettings = {
				ASSETCATALOG_COMPILER_APPICON_NAME = AppIcon;
				ASSETCATALOG_COMPILER_GLOBAL_ACCENT_COLOR_NAME = AccentColor;
				CODE_SIGN_STYLE = Automatic;
				CURRENT_PROJECT_VERSION = 1;
				GENERATE_INFOPLIST_FILE = YES;
				INFOPLIST_FILE = AniimationsUnit4/Info.plist;
				INFOPLIST_KEY_UIApplicationSupportsIndirectInputEvents = YES;
				INFOPLIST_KEY_UILaunchStoryboardName = LaunchScreen;
				INFOPLIST_KEY_UIMainStoryboardFile = Main;
				INFOPLIST_KEY_UISupportedInterfaceOrientations_iPad = "UIInterfaceOrientationPortrait UIInterfaceOrientationPortraitUpsideDown UIInterfaceOrientationLandscapeLeft UIInterfaceOrientationLandscapeRight";
				INFOPLIST_KEY_UISupportedInterfaceOrientations_iPhone = "UIInterfaceOrientationPortrait UIInterfaceOrientationLandscapeLeft UIInterfaceOrientationLandscapeRight";
				LD_RUNPATH_SEARCH_PATHS = (
					"$(inherited)",
					"@executable_path/Frameworks",
				);
				MARKETING_VERSION = 1.0;
				PRODUCT_BUNDLE_IDENTIFIER = MariBatilando.AniimationsUnit4;
				PRODUCT_NAME = "$(TARGET_NAME)";
				SWIFT_EMIT_LOC_STRINGS = YES;
				SWIFT_VERSION = 5.0;
				TARGETED_DEVICE_FAMILY = "1,2";
			};
			name = Debug;
		};
		9984793327C3E3F300A1A624 /* Release */ = {
			isa = XCBuildConfiguration;
			buildSettings = {
				ASSETCATALOG_COMPILER_APPICON_NAME = AppIcon;
				ASSETCATALOG_COMPILER_GLOBAL_ACCENT_COLOR_NAME = AccentColor;
				CODE_SIGN_STYLE = Automatic;
				CURRENT_PROJECT_VERSION = 1;
				GENERATE_INFOPLIST_FILE = YES;
				INFOPLIST_FILE = AniimationsUnit4/Info.plist;
				INFOPLIST_KEY_UIApplicationSupportsIndirectInputEvents = YES;
				INFOPLIST_KEY_UILaunchStoryboardName = LaunchScreen;
				INFOPLIST_KEY_UIMainStoryboardFile = Main;
				INFOPLIST_KEY_UISupportedInterfaceOrientations_iPad = "UIInterfaceOrientationPortrait UIInterfaceOrientationPortraitUpsideDown UIInterfaceOrientationLandscapeLeft UIInterfaceOrientationLandscapeRight";
				INFOPLIST_KEY_UISupportedInterfaceOrientations_iPhone = "UIInterfaceOrientationPortrait UIInterfaceOrientationLandscapeLeft UIInterfaceOrientationLandscapeRight";
				LD_RUNPATH_SEARCH_PATHS = (
					"$(inherited)",
					"@executable_path/Frameworks",
				);
				MARKETING_VERSION = 1.0;
				PRODUCT_BUNDLE_IDENTIFIER = MariBatilando.AniimationsUnit4;
				PRODUCT_NAME = "$(TARGET_NAME)";
				SWIFT_EMIT_LOC_STRINGS = YES;
				SWIFT_VERSION = 5.0;
				TARGETED_DEVICE_FAMILY = "1,2";
			};
			name = Release;
		};
		9984793527C3E3F300A1A624 /* Debug */ = {
			isa = XCBuildConfiguration;
			buildSettings = {
				ALWAYS_EMBED_SWIFT_STANDARD_LIBRARIES = YES;
				BUNDLE_LOADER = "$(TEST_HOST)";
				CODE_SIGN_STYLE = Automatic;
				CURRENT_PROJECT_VERSION = 1;
				GENERATE_INFOPLIST_FILE = YES;
				IPHONEOS_DEPLOYMENT_TARGET = 15.2;
				MARKETING_VERSION = 1.0;
				PRODUCT_BUNDLE_IDENTIFIER = MariBatilando.AniimationsUnit4Tests;
				PRODUCT_NAME = "$(TARGET_NAME)";
				SWIFT_EMIT_LOC_STRINGS = NO;
				SWIFT_VERSION = 5.0;
				TARGETED_DEVICE_FAMILY = "1,2";
				TEST_HOST = "$(BUILT_PRODUCTS_DIR)/AniimationsUnit4.app/AniimationsUnit4";
			};
			name = Debug;
		};
		9984793627C3E3F300A1A624 /* Release */ = {
			isa = XCBuildConfiguration;
			buildSettings = {
				ALWAYS_EMBED_SWIFT_STANDARD_LIBRARIES = YES;
				BUNDLE_LOADER = "$(TEST_HOST)";
				CODE_SIGN_STYLE = Automatic;
				CURRENT_PROJECT_VERSION = 1;
				GENERATE_INFOPLIST_FILE = YES;
				IPHONEOS_DEPLOYMENT_TARGET = 15.2;
				MARKETING_VERSION = 1.0;
				PRODUCT_BUNDLE_IDENTIFIER = MariBatilando.AniimationsUnit4Tests;
				PRODUCT_NAME = "$(TARGET_NAME)";
				SWIFT_EMIT_LOC_STRINGS = NO;
				SWIFT_VERSION = 5.0;
				TARGETED_DEVICE_FAMILY = "1,2";
				TEST_HOST = "$(BUILT_PRODUCTS_DIR)/AniimationsUnit4.app/AniimationsUnit4";
			};
			name = Release;
		};
		9984793827C3E3F300A1A624 /* Debug */ = {
			isa = XCBuildConfiguration;
			buildSettings = {
				ALWAYS_EMBED_SWIFT_STANDARD_LIBRARIES = YES;
				CODE_SIGN_STYLE = Automatic;
				CURRENT_PROJECT_VERSION = 1;
				GENERATE_INFOPLIST_FILE = YES;
				MARKETING_VERSION = 1.0;
				PRODUCT_BUNDLE_IDENTIFIER = MariBatilando.AniimationsUnit4UITests;
				PRODUCT_NAME = "$(TARGET_NAME)";
				SWIFT_EMIT_LOC_STRINGS = NO;
				SWIFT_VERSION = 5.0;
				TARGETED_DEVICE_FAMILY = "1,2";
				TEST_TARGET_NAME = AniimationsUnit4;
			};
			name = Debug;
		};
		9984793927C3E3F300A1A624 /* Release */ = {
			isa = XCBuildConfiguration;
			buildSettings = {
				ALWAYS_EMBED_SWIFT_STANDARD_LIBRARIES = YES;
				CODE_SIGN_STYLE = Automatic;
				CURRENT_PROJECT_VERSION = 1;
				GENERATE_INFOPLIST_FILE = YES;
				MARKETING_VERSION = 1.0;
				PRODUCT_BUNDLE_IDENTIFIER = MariBatilando.AniimationsUnit4UITests;
				PRODUCT_NAME = "$(TARGET_NAME)";
				SWIFT_EMIT_LOC_STRINGS = NO;
				SWIFT_VERSION = 5.0;
				TARGETED_DEVICE_FAMILY = "1,2";
				TEST_TARGET_NAME = AniimationsUnit4;
			};
			name = Release;
		};
/* End XCBuildConfiguration section */

/* Begin XCConfigurationList section */
		9984790227C3E3F100A1A624 /* Build configuration list for PBXProject "AniimationsUnit4" */ = {
			isa = XCConfigurationList;
			buildConfigurations = (
				9984792F27C3E3F300A1A624 /* Debug */,
				9984793027C3E3F300A1A624 /* Release */,
			);
			defaultConfigurationIsVisible = 0;
			defaultConfigurationName = Release;
		};
		9984793127C3E3F300A1A624 /* Build configuration list for PBXNativeTarget "AniimationsUnit4" */ = {
			isa = XCConfigurationList;
			buildConfigurations = (
				9984793227C3E3F300A1A624 /* Debug */,
				9984793327C3E3F300A1A624 /* Release */,
			);
			defaultConfigurationIsVisible = 0;
			defaultConfigurationName = Release;
		};
		9984793427C3E3F300A1A624 /* Build configuration list for PBXNativeTarget "AniimationsUnit4Tests" */ = {
			isa = XCConfigurationList;
			buildConfigurations = (
				9984793527C3E3F300A1A624 /* Debug */,
				9984793627C3E3F300A1A624 /* Release */,
			);
			defaultConfigurationIsVisible = 0;
			defaultConfigurationName = Release;
		};
		9984793727C3E3F300A1A624 /* Build configuration list for PBXNativeTarget "AniimationsUnit4UITests" */ = {
			isa = XCConfigurationList;
			buildConfigurations = (
				9984793827C3E3F300A1A624 /* Debug */,
				9984793927C3E3F300A1A624 /* Release */,
			);
			defaultConfigurationIsVisible = 0;
			defaultConfigurationName = Release;
		};
/* End XCConfigurationList section */
	};
	rootObject = 998478FF27C3E3F100A1A624 /* Project object */;
}
